// !$*UTF8*$!
{
	archiveVersion = 1;
	classes = {
	};
	objectVersion = 77;
	objects = {

/* Begin PBXBuildFile section */
		0E7E89C994E7811A7344C4EC /* Config.swift in Sources */ = {isa = PBXBuildFile; fileRef = CB66279C1B5AA22E33DB5E56 /* Config.swift */; };
		1C262F97344F87E6F28A87A8 /* VoiceView.swift in Sources */ = {isa = PBXBuildFile; fileRef = B119761300EB73F212A2134B /* VoiceView.swift */; };
		1FEBD0F3DB93546D9C070F68 /* KeychainStore.swift in Sources */ = {isa = PBXBuildFile; fileRef = 07C798D6555FE9ABDBDB467D /* KeychainStore.swift */; };
		233581FF4ED8736C505007C8 /* KeychainStoreTests.swift in Sources */ = {isa = PBXBuildFile; fileRef = 12D6C857947FC8F86D4FDBF2 /* KeychainStoreTests.swift */; };
		285344D647A52AE40434922A /* AppState.swift in Sources */ = {isa = PBXBuildFile; fileRef = 9B87F815C25AF4CAF8C5C451 /* AppState.swift */; };
		2F03D8B3DBD648780EE83606 /* PairCodeURLParser.swift in Sources */ = {isa = PBXBuildFile; fileRef = D7C6DC5730F20B69F8FE9A10 /* PairCodeURLParser.swift */; };
		329AA777AA8869BBBE5A8D48 /* AuthServiceTests.swift in Sources */ = {isa = PBXBuildFile; fileRef = 87A4A357CC8389F02A323D8A /* AuthServiceTests.swift */; };
		37D221EB7FE5B70AB0A2BEF7 /* OAuthCallbackParser.swift in Sources */ = {isa = PBXBuildFile; fileRef = ADD7C9B88737FB0EDCDA8089 /* OAuthCallbackParser.swift */; };
		3E8275649EBEA6F9A3DA1489 /* PairingView.swift in Sources */ = {isa = PBXBuildFile; fileRef = 1D03C70CD16F956BE3B9EC05 /* PairingView.swift */; };
		4561CA0F184C6E410ABE26F6 /* AppStateTests.swift in Sources */ = {isa = PBXBuildFile; fileRef = CD11228C8AC0B4CFF3B70A1F /* AppStateTests.swift */; };
		58084FD15403238F97585355 /* LiveKit in Frameworks */ = {isa = PBXBuildFile; productRef = FDA98E751AA2B195AF62EBD7 /* LiveKit */; };
		5E807B72B008409CCD16F3F4 /* IntegrationState.swift in Sources */ = {isa = PBXBuildFile; fileRef = 54697A3721AF38B72C8F3522 /* IntegrationState.swift */; };
		668FD845898D68C790FEC6B2 /* DebugFlags.swift in Sources */ = {isa = PBXBuildFile; fileRef = 5D83FBE1B852E8BFA14606B4 /* DebugFlags.swift */; };
		71BB147FB278331E1E9E287A /* IntegrationProvider.swift in Sources */ = {isa = PBXBuildFile; fileRef = 40312E64303E6BF388106413 /* IntegrationProvider.swift */; };
		8A3CE4E4AB845F7CFE6C051A /* OAuthCallbackParserTests.swift in Sources */ = {isa = PBXBuildFile; fileRef = D27764E579A6DD44E12F443C /* OAuthCallbackParserTests.swift */; };
		A375473F61E9A3815E5A3F95 /* dAIlyApp.swift in Sources */ = {isa = PBXBuildFile; fileRef = 3CD0CA433CC154B3501CA978 /* dAIlyApp.swift */; };
		A9B0200868CE63424891417B /* ConnectionIndicator.swift in Sources */ = {isa = PBXBuildFile; fileRef = 9FF0CAF31772FD0606347860 /* ConnectionIndicator.swift */; };
		AA11000001000001AA000001 /* WelcomeView.swift in Sources */ = {isa = PBXBuildFile; fileRef = AA11000001000002AA000001 /* WelcomeView.swift */; };
		AA11000001000003AA000001 /* IntegrationView.swift in Sources */ = {isa = PBXBuildFile; fileRef = AA11000001000004AA000001 /* IntegrationView.swift */; };
		AA11000001000005AA000001 /* ScheduleView.swift in Sources */ = {isa = PBXBuildFile; fileRef = AA11000001000006AA000001 /* ScheduleView.swift */; };
		AA11000001000007AA000001 /* CompletionView.swift in Sources */ = {isa = PBXBuildFile; fileRef = AA11000001000008AA000001 /* CompletionView.swift */; };
		AA11000001000009AA000001 /* OnboardingView.swift in Sources */ = {isa = PBXBuildFile; fileRef = AA11000001000010AA000001 /* OnboardingView.swift */; };
		BB6F4624CCF0F05F06A65E3F /* OnboardingKeychainTests.swift in Sources */ = {isa = PBXBuildFile; fileRef = ED48D3604DD5BE66A4FFFCF3 /* OnboardingKeychainTests.swift */; };
		C0AF52C90CF21355F76FB782 /* VoiceSession.swift in Sources */ = {isa = PBXBuildFile; fileRef = 752A7AE4D33B140ACD8803AC /* VoiceSession.swift */; };
		C241A43617DF0FF7338AE864 /* AuthService.swift in Sources */ = {isa = PBXBuildFile; fileRef = 52E0D2DF5ABB52AAABC4D067 /* AuthService.swift */; };
		C5C621311DC61B6F0DC914C0 /* LiveKitTokenSource.swift in Sources */ = {isa = PBXBuildFile; fileRef = 4CC5FFAD37184173FC5A9F73 /* LiveKitTokenSource.swift */; };
		C8549386EE090F1698EDA339 /* PairCodeURLParserTests.swift in Sources */ = {isa = PBXBuildFile; fileRef = 8FCCBD1B33C83F6088357E80 /* PairCodeURLParserTests.swift */; };
		D1FDC2044FBCD07335A98394 /* TokenRefresher.swift in Sources */ = {isa = PBXBuildFile; fileRef = 01A6C58DE0F98F17EE846AA2 /* TokenRefresher.swift */; };
		D7EEE8CD9AEB246EA91C52E6 /* IntegrationStateTests.swift in Sources */ = {isa = PBXBuildFile; fileRef = B78933C431583629FAAC7890 /* IntegrationStateTests.swift */; };
		35864D853B27443694A90FBF /* VoiceSessionErrorMappingTests.swift in Sources */ = {isa = PBXBuildFile; fileRef = 3C3AC0089FB548459A545632 /* VoiceSessionErrorMappingTests.swift */; };
		DECBC55FB31F01EC556A929E /* VoiceSessionTests.swift in Sources */ = {isa = PBXBuildFile; fileRef = 41A7E87BCC8D2E7A5BB2C692 /* VoiceSessionTests.swift */; };
/* End PBXBuildFile section */

/* Begin PBXContainerItemProxy section */
		F4CB0F6A69427787BAD80EB7 /* PBXContainerItemProxy */ = {
			isa = PBXContainerItemProxy;
			containerPortal = 6E734A74EB06A7A571289A05 /* Project object */;
			proxyType = 1;
			remoteGlobalIDString = 61E00F7B1B9E95229E71B169;
			remoteInfo = dAIly;
		};
/* End PBXContainerItemProxy section */

/* Begin PBXFileReference section */
		01A6C58DE0F98F17EE846AA2 /* TokenRefresher.swift */ = {isa = PBXFileReference; lastKnownFileType = sourcecode.swift; path = TokenRefresher.swift; sourceTree = "<group>"; };
		03384FFE8A39B64BF717779E /* dAIly.entitlements */ = {isa = PBXFileReference; lastKnownFileType = text.plist.entitlements; path = dAIly.entitlements; sourceTree = "<group>"; };
		07C798D6555FE9ABDBDB467D /* KeychainStore.swift */ = {isa = PBXFileReference; lastKnownFileType = sourcecode.swift; path = KeychainStore.swift; sourceTree = "<group>"; };
		12D6C857947FC8F86D4FDBF2 /* KeychainStoreTests.swift */ = {isa = PBXFileReference; lastKnownFileType = sourcecode.swift; path = KeychainStoreTests.swift; sourceTree = "<group>"; };
		1D03C70CD16F956BE3B9EC05 /* PairingView.swift */ = {isa = PBXFileReference; lastKnownFileType = sourcecode.swift; path = PairingView.swift; sourceTree = "<group>"; };
		26925FD04998254E0D725EDD /* dAIly.app */ = {isa = PBXFileReference; explicitFileType = wrapper.application; includeInIndex = 0; path = dAIly.app; sourceTree = BUILT_PRODUCTS_DIR; };
		3CD0CA433CC154B3501CA978 /* dAIlyApp.swift */ = {isa = PBXFileReference; lastKnownFileType = sourcecode.swift; path = dAIlyApp.swift; sourceTree = "<group>"; };
		40312E64303E6BF388106413 /* IntegrationProvider.swift */ = {isa = PBXFileReference; lastKnownFileType = sourcecode.swift; path = IntegrationProvider.swift; sourceTree = "<group>"; };
		3C3AC0089FB548459A545632 /* VoiceSessionErrorMappingTests.swift */ = {isa = PBXFileReference; lastKnownFileType = sourcecode.swift; path = VoiceSessionErrorMappingTests.swift; sourceTree = "<group>"; };
		41A7E87BCC8D2E7A5BB2C692 /* VoiceSessionTests.swift */ = {isa = PBXFileReference; lastKnownFileType = sourcecode.swift; path = VoiceSessionTests.swift; sourceTree = "<group>"; };
		4CC5FFAD37184173FC5A9F73 /* LiveKitTokenSource.swift */ = {isa = PBXFileReference; lastKnownFileType = sourcecode.swift; path = LiveKitTokenSource.swift; sourceTree = "<group>"; };
		52E0D2DF5ABB52AAABC4D067 /* AuthService.swift */ = {isa = PBXFileReference; lastKnownFileType = sourcecode.swift; path = AuthService.swift; sourceTree = "<group>"; };
		54697A3721AF38B72C8F3522 /* IntegrationState.swift */ = {isa = PBXFileReference; lastKnownFileType = sourcecode.swift; path = IntegrationState.swift; sourceTree = "<group>"; };
		5D83FBE1B852E8BFA14606B4 /* DebugFlags.swift */ = {isa = PBXFileReference; lastKnownFileType = sourcecode.swift; path = DebugFlags.swift; sourceTree = "<group>"; };
		752A7AE4D33B140ACD8803AC /* VoiceSession.swift */ = {isa = PBXFileReference; lastKnownFileType = sourcecode.swift; path = VoiceSession.swift; sourceTree = "<group>"; };
		87A4A357CC8389F02A323D8A /* AuthServiceTests.swift */ = {isa = PBXFileReference; lastKnownFileType = sourcecode.swift; path = AuthServiceTests.swift; sourceTree = "<group>"; };
		8FCCBD1B33C83F6088357E80 /* PairCodeURLParserTests.swift */ = {isa = PBXFileReference; lastKnownFileType = sourcecode.swift; path = PairCodeURLParserTests.swift; sourceTree = "<group>"; };
		9097C659B7F26D5AB338B21B /* Info.plist */ = {isa = PBXFileReference; lastKnownFileType = text.plist; path = Info.plist; sourceTree = "<group>"; };
		9B87F815C25AF4CAF8C5C451 /* AppState.swift */ = {isa = PBXFileReference; lastKnownFileType = sourcecode.swift; path = AppState.swift; sourceTree = "<group>"; };
		9F9B12A6C59D5FEDFABE7E13 /* dAIlyTests.xctest */ = {isa = PBXFileReference; includeInIndex = 0; lastKnownFileType = wrapper.cfbundle; path = dAIlyTests.xctest; sourceTree = BUILT_PRODUCTS_DIR; };
		9FF0CAF31772FD0606347860 /* ConnectionIndicator.swift */ = {isa = PBXFileReference; lastKnownFileType = sourcecode.swift; path = ConnectionIndicator.swift; sourceTree = "<group>"; };
		AA11000001000002AA000001 /* WelcomeView.swift */ = {isa = PBXFileReference; lastKnownFileType = sourcecode.swift; path = WelcomeView.swift; sourceTree = "<group>"; };
		AA11000001000004AA000001 /* IntegrationView.swift */ = {isa = PBXFileReference; lastKnownFileType = sourcecode.swift; path = IntegrationView.swift; sourceTree = "<group>"; };
		AA11000001000006AA000001 /* ScheduleView.swift */ = {isa = PBXFileReference; lastKnownFileType = sourcecode.swift; path = ScheduleView.swift; sourceTree = "<group>"; };
		AA11000001000008AA000001 /* CompletionView.swift */ = {isa = PBXFileReference; lastKnownFileType = sourcecode.swift; path = CompletionView.swift; sourceTree = "<group>"; };
		AA11000001000010AA000001 /* OnboardingView.swift */ = {isa = PBXFileReference; lastKnownFileType = sourcecode.swift; path = OnboardingView.swift; sourceTree = "<group>"; };
		ADD7C9B88737FB0EDCDA8089 /* OAuthCallbackParser.swift */ = {isa = PBXFileReference; lastKnownFileType = sourcecode.swift; path = OAuthCallbackParser.swift; sourceTree = "<group>"; };
		B119761300EB73F212A2134B /* VoiceView.swift */ = {isa = PBXFileReference; lastKnownFileType = sourcecode.swift; path = VoiceView.swift; sourceTree = "<group>"; };
		B78933C431583629FAAC7890 /* IntegrationStateTests.swift */ = {isa = PBXFileReference; lastKnownFileType = sourcecode.swift; path = IntegrationStateTests.swift; sourceTree = "<group>"; };
		CB66279C1B5AA22E33DB5E56 /* Config.swift */ = {isa = PBXFileReference; lastKnownFileType = sourcecode.swift; path = Config.swift; sourceTree = "<group>"; };
		CD11228C8AC0B4CFF3B70A1F /* AppStateTests.swift */ = {isa = PBXFileReference; lastKnownFileType = sourcecode.swift; path = AppStateTests.swift; sourceTree = "<group>"; };
		D27764E579A6DD44E12F443C /* OAuthCallbackParserTests.swift */ = {isa = PBXFileReference; lastKnownFileType = sourcecode.swift; path = OAuthCallbackParserTests.swift; sourceTree = "<group>"; };
		D7C6DC5730F20B69F8FE9A10 /* PairCodeURLParser.swift */ = {isa = PBXFileReference; lastKnownFileType = sourcecode.swift; path = PairCodeURLParser.swift; sourceTree = "<group>"; };
		ED48D3604DD5BE66A4FFFCF3 /* OnboardingKeychainTests.swift */ = {isa = PBXFileReference; lastKnownFileType = sourcecode.swift; path = OnboardingKeychainTests.swift; sourceTree = "<group>"; };
/* End PBXFileReference section */

/* Begin PBXFrameworksBuildPhase section */
		3CBBDDAF66BA917B620D2E83 /* Frameworks */ = {
			isa = PBXFrameworksBuildPhase;
			buildActionMask = 2147483647;
			files = (
				58084FD15403238F97585355 /* LiveKit in Frameworks */,
			);
			runOnlyForDeploymentPostprocessing = 0;
		};
/* End PBXFrameworksBuildPhase section */

/* Begin PBXGroup section */
		1D51BB90F43CBB3C243B1B18 /* onboarding */ = {
			isa = PBXGroup;
			children = (
				40312E64303E6BF388106413 /* IntegrationProvider.swift */,
				54697A3721AF38B72C8F3522 /* IntegrationState.swift */,
				AA11000001000002AA000001 /* WelcomeView.swift */,
				AA11000001000004AA000001 /* IntegrationView.swift */,
				AA11000001000006AA000001 /* ScheduleView.swift */,
				AA11000001000008AA000001 /* CompletionView.swift */,
				AA11000001000010AA000001 /* OnboardingView.swift */,
			);
			path = onboarding;
			sourceTree = "<group>";
		};
		4260E524FD1F0EE07C517553 /* Products */ = {
			isa = PBXGroup;
			children = (
				26925FD04998254E0D725EDD /* dAIly.app */,
				9F9B12A6C59D5FEDFABE7E13 /* dAIlyTests.xctest */,
			);
			name = Products;
			sourceTree = "<group>";
		};
		4951E5F37A2F2B6446714ADA /* auth */ = {
			isa = PBXGroup;
			children = (
				52E0D2DF5ABB52AAABC4D067 /* AuthService.swift */,
				07C798D6555FE9ABDBDB467D /* KeychainStore.swift */,
				ADD7C9B88737FB0EDCDA8089 /* OAuthCallbackParser.swift */,
				D7C6DC5730F20B69F8FE9A10 /* PairCodeURLParser.swift */,
				01A6C58DE0F98F17EE846AA2 /* TokenRefresher.swift */,
			);
			path = auth;
			sourceTree = "<group>";
		};
		69A44BA341725C6D13E277D5 = {
			isa = PBXGroup;
			children = (
				AA605AF0DB353F30A578D150 /* dAIly */,
				F0C806E01A5671C0EEDA75BF /* dAIlyTests */,
				4260E524FD1F0EE07C517553 /* Products */,
			);
			sourceTree = "<group>";
		};
		A11AF02E3C09B198098B87CA /* views */ = {
			isa = PBXGroup;
			children = (
				9FF0CAF31772FD0606347860 /* ConnectionIndicator.swift */,
				1D03C70CD16F956BE3B9EC05 /* PairingView.swift */,
				B119761300EB73F212A2134B /* VoiceView.swift */,
			);
			path = views;
			sourceTree = "<group>";
		};
		AA605AF0DB353F30A578D150 /* dAIly */ = {
			isa = PBXGroup;
			children = (
				9B87F815C25AF4CAF8C5C451 /* AppState.swift */,
				CB66279C1B5AA22E33DB5E56 /* Config.swift */,
				03384FFE8A39B64BF717779E /* dAIly.entitlements */,
				3CD0CA433CC154B3501CA978 /* dAIlyApp.swift */,
				9097C659B7F26D5AB338B21B /* Info.plist */,
				4951E5F37A2F2B6446714ADA /* auth */,
				CF120E0B0CC53F93FD3265D3 /* livekit */,
				1D51BB90F43CBB3C243B1B18 /* onboarding */,
				A11AF02E3C09B198098B87CA /* views */,
			);
			path = dAIly;
			sourceTree = "<group>";
		};
		CF120E0B0CC53F93FD3265D3 /* livekit */ = {
			isa = PBXGroup;
			children = (
				5D83FBE1B852E8BFA14606B4 /* DebugFlags.swift */,
				4CC5FFAD37184173FC5A9F73 /* LiveKitTokenSource.swift */,
				752A7AE4D33B140ACD8803AC /* VoiceSession.swift */,
			);
			path = livekit;
			sourceTree = "<group>";
		};
		F0C806E01A5671C0EEDA75BF /* dAIlyTests */ = {
			isa = PBXGroup;
			children = (
				CD11228C8AC0B4CFF3B70A1F /* AppStateTests.swift */,
				87A4A357CC8389F02A323D8A /* AuthServiceTests.swift */,
				B78933C431583629FAAC7890 /* IntegrationStateTests.swift */,
				12D6C857947FC8F86D4FDBF2 /* KeychainStoreTests.swift */,
				D27764E579A6DD44E12F443C /* OAuthCallbackParserTests.swift */,
				ED48D3604DD5BE66A4FFFCF3 /* OnboardingKeychainTests.swift */,
				8FCCBD1B33C83F6088357E80 /* PairCodeURLParserTests.swift */,
				3C3AC0089FB548459A545632 /* VoiceSessionErrorMappingTests.swift */,
				41A7E87BCC8D2E7A5BB2C692 /* VoiceSessionTests.swift */,
			);
			path = dAIlyTests;
			sourceTree = "<group>";
		};
/* End PBXGroup section */

/* Begin PBXNativeTarget section */
		5A094745389B52D0F01D1981 /* dAIlyTests */ = {
			isa = PBXNativeTarget;
			buildConfigurationList = 8311E337D66C69986BC675D0 /* Build configuration list for PBXNativeTarget "dAIlyTests" */;
			buildPhases = (
				94CCD2CC10BBDA8A54CFAE2C /* Sources */,
			);
			buildRules = (
			);
			dependencies = (
				E50DE47017E8D30A4EADEBD1 /* PBXTargetDependency */,
			);
			name = dAIlyTests;
			packageProductDependencies = (
			);
			productName = dAIlyTests;
			productReference = 9F9B12A6C59D5FEDFABE7E13 /* dAIlyTests.xctest */;
			productType = "com.apple.product-type.bundle.unit-test";
		};
		61E00F7B1B9E95229E71B169 /* dAIly */ = {
			isa = PBXNativeTarget;
			buildConfigurationList = 666BECD1A1542A629FC861D5 /* Build configuration list for PBXNativeTarget "dAIly" */;
			buildPhases = (
				69B168F0015AC1DF39D5ECB4 /* Sources */,
				3CBBDDAF66BA917B620D2E83 /* Frameworks */,
			);
			buildRules = (
			);
			dependencies = (
			);
			name = dAIly;
			packageProductDependencies = (
				FDA98E751AA2B195AF62EBD7 /* LiveKit */,
			);
			productName = dAIly;
			productReference = 26925FD04998254E0D725EDD /* dAIly.app */;
			productType = "com.apple.product-type.application";
		};
/* End PBXNativeTarget section */

/* Begin PBXProject section */
		6E734A74EB06A7A571289A05 /* Project object */ = {
			isa = PBXProject;
			attributes = {
				BuildIndependentTargetsInParallel = YES;
				LastUpgradeCheck = 1430;
			};
			buildConfigurationList = C3B39126B43B6AFC5E45FBDB /* Build configuration list for PBXProject "dAIly" */;
			developmentRegion = en;
			hasScannedForEncodings = 0;
			knownRegions = (
				Base,
				en,
			);
			mainGroup = 69A44BA341725C6D13E277D5;
			minimizedProjectReferenceProxies = 1;
			packageReferences = (
				85F4940AE3E9CC252ACD4F74 /* XCRemoteSwiftPackageReference "client-sdk-swift" */,
			);
			preferredProjectObjectVersion = 77;
			productRefGroup = 4260E524FD1F0EE07C517553 /* Products */;
			projectDirPath = "";
			projectRoot = "";
			targets = (
				61E00F7B1B9E95229E71B169 /* dAIly */,
				5A094745389B52D0F01D1981 /* dAIlyTests */,
			);
		};
/* End PBXProject section */

/* Begin PBXSourcesBuildPhase section */
		69B168F0015AC1DF39D5ECB4 /* Sources */ = {
			isa = PBXSourcesBuildPhase;
			buildActionMask = 2147483647;
			files = (
				285344D647A52AE40434922A /* AppState.swift in Sources */,
				C241A43617DF0FF7338AE864 /* AuthService.swift in Sources */,
				0E7E89C994E7811A7344C4EC /* Config.swift in Sources */,
				A9B0200868CE63424891417B /* ConnectionIndicator.swift in Sources */,
				668FD845898D68C790FEC6B2 /* DebugFlags.swift in Sources */,
				71BB147FB278331E1E9E287A /* IntegrationProvider.swift in Sources */,
				5E807B72B008409CCD16F3F4 /* IntegrationState.swift in Sources */,
				AA11000001000001AA000001 /* WelcomeView.swift in Sources */,
				AA11000001000003AA000001 /* IntegrationView.swift in Sources */,
				AA11000001000005AA000001 /* ScheduleView.swift in Sources */,
				AA11000001000007AA000001 /* CompletionView.swift in Sources */,
				AA11000001000009AA000001 /* OnboardingView.swift in Sources */,
				1FEBD0F3DB93546D9C070F68 /* KeychainStore.swift in Sources */,
				C5C621311DC61B6F0DC914C0 /* LiveKitTokenSource.swift in Sources */,
				37D221EB7FE5B70AB0A2BEF7 /* OAuthCallbackParser.swift in Sources */,
				2F03D8B3DBD648780EE83606 /* PairCodeURLParser.swift in Sources */,
				3E8275649EBEA6F9A3DA1489 /* PairingView.swift in Sources */,
				D1FDC2044FBCD07335A98394 /* TokenRefresher.swift in Sources */,
				C0AF52C90CF21355F76FB782 /* VoiceSession.swift in Sources */,
				1C262F97344F87E6F28A87A8 /* VoiceView.swift in Sources */,
				A375473F61E9A3815E5A3F95 /* dAIlyApp.swift in Sources */,
			);
			runOnlyForDeploymentPostprocessing = 0;
		};
		94CCD2CC10BBDA8A54CFAE2C /* Sources */ = {
			isa = PBXSourcesBuildPhase;
			buildActionMask = 2147483647;
			files = (
				4561CA0F184C6E410ABE26F6 /* AppStateTests.swift in Sources */,
				329AA777AA8869BBBE5A8D48 /* AuthServiceTests.swift in Sources */,
				D7EEE8CD9AEB246EA91C52E6 /* IntegrationStateTests.swift in Sources */,
				233581FF4ED8736C505007C8 /* KeychainStoreTests.swift in Sources */,
				8A3CE4E4AB845F7CFE6C051A /* OAuthCallbackParserTests.swift in Sources */,
				BB6F4624CCF0F05F06A65E3F /* OnboardingKeychainTests.swift in Sources */,
				C8549386EE090F1698EDA339 /* PairCodeURLParserTests.swift in Sources */,
				35864D853B27443694A90FBF /* VoiceSessionErrorMappingTests.swift in Sources */,
				DECBC55FB31F01EC556A929E /* VoiceSessionTests.swift in Sources */,
			);
			runOnlyForDeploymentPostprocessing = 0;
		};
/* End PBXSourcesBuildPhase section */

/* Begin PBXTargetDependency section */
		E50DE47017E8D30A4EADEBD1 /* PBXTargetDependency */ = {
			isa = PBXTargetDependency;
			target = 61E00F7B1B9E95229E71B169 /* dAIly */;
			targetProxy = F4CB0F6A69427787BAD80EB7 /* PBXContainerItemProxy */;
		};
/* End PBXTargetDependency section */

/* Begin XCBuildConfiguration section */
		0D934FD1CABA1E74119982D9 /* Release */ = {
			isa = XCBuildConfiguration;
			buildSettings = {
				ALWAYS_SEARCH_USER_PATHS = NO;
				CLANG_ANALYZER_NONNULL = YES;
				CLANG_ANALYZER_NUMBER_OBJECT_CONVERSION = YES_AGGRESSIVE;
				CLANG_CXX_LANGUAGE_STANDARD = "gnu++14";
				CLANG_CXX_LIBRARY = "libc++";
				CLANG_ENABLE_MODULES = YES;
				CLANG_ENABLE_OBJC_ARC = YES;
				CLANG_ENABLE_OBJC_WEAK = YES;
				CLANG_WARN_BLOCK_CAPTURE_AUTORELEASING = YES;
				CLANG_WARN_BOOL_CONVERSION = YES;
				CLANG_WARN_COMMA = YES;
				CLANG_WARN_CONSTANT_CONVERSION = YES;
				CLANG_WARN_DEPRECATED_OBJC_IMPLEMENTATIONS = YES;
				CLANG_WARN_DIRECT_OBJC_ISA_USAGE = YES_ERROR;
				CLANG_WARN_DOCUMENTATION_COMMENTS = YES;
				CLANG_WARN_EMPTY_BODY = YES;
				CLANG_WARN_ENUM_CONVERSION = YES;
				CLANG_WARN_INFINITE_RECURSION = YES;
				CLANG_WARN_INT_CONVERSION = YES;
				CLANG_WARN_NON_LITERAL_NULL_CONVERSION = YES;
				CLANG_WARN_OBJC_IMPLICIT_RETAIN_SELF = YES;
				CLANG_WARN_OBJC_LITERAL_CONVERSION = YES;
				CLANG_WARN_OBJC_ROOT_CLASS = YES_ERROR;
				CLANG_WARN_QUOTED_INCLUDE_IN_FRAMEWORK_HEADER = YES;
				CLANG_WARN_RANGE_LOOP_ANALYSIS = YES;
				CLANG_WARN_STRICT_PROTOTYPES = YES;
				CLANG_WARN_SUSPICIOUS_MOVE = YES;
				CLANG_WARN_UNGUARDED_AVAILABILITY = YES_AGGRESSIVE;
				CLANG_WARN_UNREACHABLE_CODE = YES;
				CLANG_WARN__DUPLICATE_METHOD_MATCH = YES;
				COPY_PHASE_STRIP = NO;
				DEBUG_INFORMATION_FORMAT = "dwarf-with-dsym";
				ENABLE_NS_ASSERTIONS = NO;
				ENABLE_STRICT_OBJC_MSGSEND = YES;
				GCC_C_LANGUAGE_STANDARD = gnu11;
				GCC_NO_COMMON_BLOCKS = YES;
				GCC_WARN_64_TO_32_BIT_CONVERSION = YES;
				GCC_WARN_ABOUT_RETURN_TYPE = YES_ERROR;
				GCC_WARN_UNDECLARED_SELECTOR = YES;
				GCC_WARN_UNINITIALIZED_AUTOS = YES_AGGRESSIVE;
				GCC_WARN_UNUSED_FUNCTION = YES;
				GCC_WARN_UNUSED_VARIABLE = YES;
				IPHONEOS_DEPLOYMENT_TARGET = 16.0;
				MTL_ENABLE_DEBUG_INFO = NO;
				MTL_FAST_MATH = YES;
				PRODUCT_NAME = "$(TARGET_NAME)";
				SDKROOT = iphoneos;
				SWIFT_COMPILATION_MODE = wholemodule;
				SWIFT_OPTIMIZATION_LEVEL = "-O";
				SWIFT_VERSION = 5.0;
			};
			name = Release;
		};
		2DBFBDF912FDED241E5E5F3E /* Debug */ = {
			isa = XCBuildConfiguration;
			buildSettings = {
				ALWAYS_SEARCH_USER_PATHS = NO;
				CLANG_ANALYZER_NONNULL = YES;
				CLANG_ANALYZER_NUMBER_OBJECT_CONVERSION = YES_AGGRESSIVE;
				CLANG_CXX_LANGUAGE_STANDARD = "gnu++14";
				CLANG_CXX_LIBRARY = "libc++";
				CLANG_ENABLE_MODULES = YES;
				CLANG_ENABLE_OBJC_ARC = YES;
				CLANG_ENABLE_OBJC_WEAK = YES;
				CLANG_WARN_BLOCK_CAPTURE_AUTORELEASING = YES;
				CLANG_WARN_BOOL_CONVERSION = YES;
				CLANG_WARN_COMMA = YES;
				CLANG_WARN_CONSTANT_CONVERSION = YES;
				CLANG_WARN_DEPRECATED_OBJC_IMPLEMENTATIONS = YES;
				CLANG_WARN_DIRECT_OBJC_ISA_USAGE = YES_ERROR;
				CLANG_WARN_DOCUMENTATION_COMMENTS = YES;
				CLANG_WARN_EMPTY_BODY = YES;
				CLANG_WARN_ENUM_CONVERSION = YES;
				CLANG_WARN_INFINITE_RECURSION = YES;
				CLANG_WARN_INT_CONVERSION = YES;
				CLANG_WARN_NON_LITERAL_NULL_CONVERSION = YES;
				CLANG_WARN_OBJC_IMPLICIT_RETAIN_SELF = YES;
				CLANG_WARN_OBJC_LITERAL_CONVERSION = YES;
				CLANG_WARN_OBJC_ROOT_CLASS = YES_ERROR;
				CLANG_WARN_QUOTED_INCLUDE_IN_FRAMEWORK_HEADER = YES;
				CLANG_WARN_RANGE_LOOP_ANALYSIS = YES;
				CLANG_WARN_STRICT_PROTOTYPES = YES;
				CLANG_WARN_SUSPICIOUS_MOVE = YES;
				CLANG_WARN_UNGUARDED_AVAILABILITY = YES_AGGRESSIVE;
				CLANG_WARN_UNREACHABLE_CODE = YES;
				CLANG_WARN__DUPLICATE_METHOD_MATCH = YES;
				COPY_PHASE_STRIP = NO;
				DEBUG_INFORMATION_FORMAT = dwarf;
				ENABLE_STRICT_OBJC_MSGSEND = YES;
				ENABLE_TESTABILITY = YES;
				GCC_C_LANGUAGE_STANDARD = gnu11;
				GCC_DYNAMIC_NO_PIC = NO;
				GCC_NO_COMMON_BLOCKS = YES;
				GCC_OPTIMIZATION_LEVEL = 0;
				GCC_PREPROCESSOR_DEFINITIONS = (
					"$(inherited)",
					"DEBUG=1",
				);
				GCC_WARN_64_TO_32_BIT_CONVERSION = YES;
				GCC_WARN_ABOUT_RETURN_TYPE = YES_ERROR;
				GCC_WARN_UNDECLARED_SELECTOR = YES;
				GCC_WARN_UNINITIALIZED_AUTOS = YES_AGGRESSIVE;
				GCC_WARN_UNUSED_FUNCTION = YES;
				GCC_WARN_UNUSED_VARIABLE = YES;
				IPHONEOS_DEPLOYMENT_TARGET = 16.0;
				MTL_ENABLE_DEBUG_INFO = INCLUDE_SOURCE;
				MTL_FAST_MATH = YES;
				ONLY_ACTIVE_ARCH = YES;
				PRODUCT_NAME = "$(TARGET_NAME)";
				SDKROOT = iphoneos;
				SWIFT_ACTIVE_COMPILATION_CONDITIONS = DEBUG;
				SWIFT_OPTIMIZATION_LEVEL = "-Onone";
				SWIFT_VERSION = 5.0;
			};
			name = Debug;
		};
		AF67D308C6171673AF13A45B /* Debug */ = {
			isa = XCBuildConfiguration;
			buildSettings = {
				BUNDLE_LOADER = "$(TEST_HOST)";
				GENERATE_INFOPLIST_FILE = YES;
				LD_RUNPATH_SEARCH_PATHS = (
					"$(inherited)",
					"@executable_path/Frameworks",
					"@loader_path/Frameworks",
				);
				PRODUCT_BUNDLE_IDENTIFIER = com.jacobmarriott.dAIlyTests;
				SDKROOT = iphoneos;
				TARGETED_DEVICE_FAMILY = "1,2";
				TEST_HOST = "$(BUILT_PRODUCTS_DIR)/dAIly.app/dAIly";
			};
			name = Debug;
		};
		B81F08E34F464834C4F637A8 /* Debug */ = {
			isa = XCBuildConfiguration;
			buildSettings = {
				ASSETCATALOG_COMPILER_APPICON_NAME = AppIcon;
				CODE_SIGN_ALLOW_ENTITLEMENTS_MODIFICATION = YES;
				CODE_SIGN_ENTITLEMENTS = dAIly/dAIly.entitlements;
				CODE_SIGN_IDENTITY = "iPhone Developer";
				DEVELOPMENT_TEAM = 68DR9C9ZKL;
				INFOPLIST_FILE = dAIly/Info.plist;
				LD_RUNPATH_SEARCH_PATHS = (
					"$(inherited)",
					"@executable_path/Frameworks",
				);
				NEW_SETTING = "";
				PRODUCT_BUNDLE_IDENTIFIER = com.jacobmarriott.daily;
				SDKROOT = iphoneos;
				SWIFT_VERSION = 6.0;
				TARGETED_DEVICE_FAMILY = "1,2";
			};
			name = Debug;
		};
		EE9E5E4346292D9A122A847D /* Release */ = {
			isa = XCBuildConfiguration;
			buildSettings = {
				ASSETCATALOG_COMPILER_APPICON_NAME = AppIcon;
				CODE_SIGN_ALLOW_ENTITLEMENTS_MODIFICATION = YES;
				CODE_SIGN_ENTITLEMENTS = dAIly/dAIly.entitlements;
				CODE_SIGN_IDENTITY = "iPhone Developer";
				DEVELOPMENT_TEAM = 68DR9C9ZKL;
				INFOPLIST_FILE = dAIly/Info.plist;
				LD_RUNPATH_SEARCH_PATHS = (
					"$(inherited)",
					"@executable_path/Frameworks",
				);
				NEW_SETTING = "";
				PRODUCT_BUNDLE_IDENTIFIER = com.jacobmarriott.daily;
				SDKROOT = iphoneos;
				SWIFT_VERSION = 6.0;
				TARGETED_DEVICE_FAMILY = "1,2";
			};
			name = Release;
		};
		F4B31B0BFD2D236BD5A0DBF7 /* Release */ = {
			isa = XCBuildConfiguration;
			buildSettings = {
				BUNDLE_LOADER = "$(TEST_HOST)";
				GENERATE_INFOPLIST_FILE = YES;
				LD_RUNPATH_SEARCH_PATHS = (
					"$(inherited)",
					"@executable_path/Frameworks",
					"@loader_path/Frameworks",
				);
				PRODUCT_BUNDLE_IDENTIFIER = com.jacobmarriott.dAIlyTests;
				SDKROOT = iphoneos;
				TARGETED_DEVICE_FAMILY = "1,2";
				TEST_HOST = "$(BUILT_PRODUCTS_DIR)/dAIly.app/dAIly";
			};
			name = Release;
		};
/* End XCBuildConfiguration section */

/* Begin XCConfigurationList section */
		666BECD1A1542A629FC861D5 /* Build configuration list for PBXNativeTarget "dAIly" */ = {
			isa = XCConfigurationList;
			buildConfigurations = (
				B81F08E34F464834C4F637A8 /* Debug */,
				EE9E5E4346292D9A122A847D /* Release */,
			);
			defaultConfigurationIsVisible = 0;
			defaultConfigurationName = Debug;
		};
		8311E337D66C69986BC675D0 /* Build configuration list for PBXNativeTarget "dAIlyTests" */ = {
			isa = XCConfigurationList;
			buildConfigurations = (
				AF67D308C6171673AF13A45B /* Debug */,
				F4B31B0BFD2D236BD5A0DBF7 /* Release */,
			);
			defaultConfigurationIsVisible = 0;
			defaultConfigurationName = Debug;
		};
		C3B39126B43B6AFC5E45FBDB /* Build configuration list for PBXProject "dAIly" */ = {
			isa = XCConfigurationList;
			buildConfigurations = (
				2DBFBDF912FDED241E5E5F3E /* Debug */,
				0D934FD1CABA1E74119982D9 /* Release */,
			);
			defaultConfigurationIsVisible = 0;
			defaultConfigurationName = Debug;
		};
/* End XCConfigurationList section */

/* Begin XCRemoteSwiftPackageReference section */
		85F4940AE3E9CC252ACD4F74 /* XCRemoteSwiftPackageReference "client-sdk-swift" */ = {
			isa = XCRemoteSwiftPackageReference;
			repositoryURL = "https://github.com/livekit/client-sdk-swift.git";
			requirement = {
				kind = upToNextMajorVersion;
				minimumVersion = 2.13.0;
			};
		};
/* End XCRemoteSwiftPackageReference section */

/* Begin XCSwiftPackageProductDependency section */
		FDA98E751AA2B195AF62EBD7 /* LiveKit */ = {
			isa = XCSwiftPackageProductDependency;
			package = 85F4940AE3E9CC252ACD4F74 /* XCRemoteSwiftPackageReference "client-sdk-swift" */;
			productName = LiveKit;
		};
/* End XCSwiftPackageProductDependency section */
	};
	rootObject = 6E734A74EB06A7A571289A05 /* Project object */;
}
